
Microsoft Visual Studio Solution File, Format Version 12.00
# Visual Studio 15
VisualStudioVersion = 15.0.26228.9
MinimumVisualStudioVersion = 10.0.40219.1
Project("{FAE04EC0-301F-11D3-BF4B-00C04F79EFBC}") = "01. Day of Week", "01. Day of Week\01. Day of Week.csproj", "{C0EC8655-1175-4761-B471-6F0DEC570AD2}"
EndProject
Project("{FAE04EC0-301F-11D3-BF4B-00C04F79EFBC}") = "02. Randomize Words", "02. Randomize Words\02. Randomize Words.csproj", "{4582EF20-7F4C-49BB-A908-08C6334B851C}"
EndProject
Project("{FAE04EC0-301F-11D3-BF4B-00C04F79EFBC}") = "03. Big Factorial", "03. Big Factorial\03. Big Factorial.csproj", "{BC431752-CDC5-4650-8AA7-CF2C7E15459C}"
EndProject
Project("{FAE04EC0-301F-11D3-BF4B-00C04F79EFBC}") = "CatAndDogProgram", "CatAndDogProgram\CatAndDogProgram.csproj", "{29AA4491-4C33-458D-8311-04EFC795C28B}"
EndProject
Project("{FAE04EC0-301F-11D3-BF4B-00C04F79EFBC}") = "04. Distance between Points", "04. Distance between Points\04. Distance between Points.csproj", "{0BF72EA2-5CCC-437E-8C75-5C3591C671E7}"
EndProject
Global
	GlobalSection(SolutionConfigurationPlatforms) = preSolution
		Debug|Any CPU = Debug|Any CPU
		Release|Any CPU = Release|Any CPU
	EndGlobalSection
	GlobalSection(ProjectConfigurationPlatforms) = postSolution
		{C0EC8655-1175-4761-B471-6F0DEC570AD2}.Debug|Any CPU.ActiveCfg = Debug|Any CPU
		{C0EC8655-1175-4761-B471-6F0DEC570AD2}.Debug|Any CPU.Build.0 = Debug|Any CPU
		{C0EC8655-1175-4761-B471-6F0DEC570AD2}.Release|Any CPU.ActiveCfg = Release|Any CPU
		{C0EC8655-1175-4761-B471-6F0DEC570AD2}.Release|Any CPU.Build.0 = Release|Any CPU
		{4582EF20-7F4C-49BB-A908-08C6334B851C}.Debug|Any CPU.ActiveCfg = Debug|Any CPU
		{4582EF20-7F4C-49BB-A908-08C6334B851C}.Debug|Any CPU.Build.0 = Debug|Any CPU
		{4582EF20-7F4C-49BB-A908-08C6334B851C}.Release|Any CPU.ActiveCfg = Release|Any CPU
		{4582EF20-7F4C-49BB-A908-08C6334B851C}.Release|Any CPU.Build.0 = Release|Any CPU
		{BC431752-CDC5-4650-8AA7-CF2C7E15459C}.Debug|Any CPU.ActiveCfg = Debug|Any CPU
		{BC431752-CDC5-4650-8AA7-CF2C7E15459C}.Debug|Any CPU.Build.0 = Debug|Any CPU
		{BC431752-CDC5-4650-8AA7-CF2C7E15459C}.Release|Any CPU.ActiveCfg = Release|Any CPU
		{BC431752-CDC5-4650-8AA7-CF2C7E15459C}.Release|Any CPU.Build.0 = Release|Any CPU
		{29AA4491-4C33-458D-8311-04EFC795C28B}.Debug|Any CPU.ActiveCfg = Debug|Any CPU
		{29AA4491-4C33-458D-8311-04EFC795C28B}.Debug|Any CPU.Build.0 = Debug|Any CPU
		{29AA4491-4C33-458D-8311-04EFC795C28B}.Release|Any CPU.ActiveCfg = Release|Any CPU
		{29AA4491-4C33-458D-8311-04EFC795C28B}.Release|Any CPU.Build.0 = Release|Any CPU
		{0BF72EA2-5CCC-437E-8C75-5C3591C671E7}.Debug|Any CPU.ActiveCfg = Debug|Any CPU
		{0BF72EA2-5CCC-437E-8C75-5C3591C671E7}.Debug|Any CPU.Build.0 = Debug|Any CPU
		{0BF72EA2-5CCC-437E-8C75-5C3591C671E7}.Release|Any CPU.ActiveCfg = Release|Any CPU
		{0BF72EA2-5CCC-437E-8C75-5C3591C671E7}.Release|Any CPU.Build.0 = Release|Any CPU
	EndGlobalSection
	GlobalSection(SolutionProperties) = preSolution
		HideSolutionNode = FALSE
	EndGlobalSection
EndGlobal
